
Microsoft Visual Studio Solution File, Format Version 12.00
# Visual Studio Version 16
VisualStudioVersion = 16.0.29728.190
MinimumVisualStudioVersion = 10.0.40219.1
Project("{2150E333-8FDC-42A3-9474-1A3956D46DE8}") = "01_Libraries", "01_Libraries", "{0F2E7E74-EF02-48A7-AEC6-C46091DF3469}"
EndProject
Project("{2150E333-8FDC-42A3-9474-1A3956D46DE8}") = "03_Samples", "03_Samples", "{21555729-9980-4C75-AE8D-E50578D27021}"
EndProject
Project("{2150E333-8FDC-42A3-9474-1A3956D46DE8}") = "02_Tools", "02_Tools", "{127DAF5A-12A9-4CD5-98CA-1899BE6754C8}"
EndProject
Project("{2150E333-8FDC-42A3-9474-1A3956D46DE8}") = "01_Echo", "01_Echo", "{88A50C0F-CD19-4540-81C5-14DD2EFEE8AE}"
EndProject
Project("{9A19103F-16F7-4668-BE54-9A1E7A4F7556}") = "Neti", "01_Libraries\Neti\Neti.csproj", "{D7A68B4E-07F7-445D-BC16-081C8231CB8B}"
EndProject
Project("{9A19103F-16F7-4668-BE54-9A1E7A4F7556}") = "Neti.CodeCompilation", "01_Libraries\Neti.CodeCompilation\Neti.CodeCompilation.csproj", "{9C7A7B46-9CE8-4524-BC47-20944E276D9D}"
EndProject
Project("{9A19103F-16F7-4668-BE54-9A1E7A4F7556}") = "Neti.CodeGeneration", "01_Libraries\Neti.CodeGeneration\Neti.CodeGeneration.csproj", "{85F0AAA4-AE11-4221-B9AB-91310010E3CE}"
EndProject
Project("{9A19103F-16F7-4668-BE54-9A1E7A4F7556}") = "Neti.MessageCodeGenerator", "02_Tools\Neti.MessageCodeGenerator\Neti.MessageCodeGenerator.csproj", "{1961C222-5B73-48E3-8BB7-EB271155BF97}"
EndProject
Project("{9A19103F-16F7-4668-BE54-9A1E7A4F7556}") = "Neti.Echo", "03_Samples\01_Echo\Neti.Echo\Neti.Echo.csproj", "{0C7A5497-9027-4D99-BFAF-6E94E26EC166}"
EndProject
Project("{9A19103F-16F7-4668-BE54-9A1E7A4F7556}") = "Neti.Echo.Client", "03_Samples\01_Echo\Neti.Echo.Client\Neti.Echo.Client.csproj", "{AEF34810-03B7-4A95-BC79-5AD80DF8C401}"
EndProject
Project("{9A19103F-16F7-4668-BE54-9A1E7A4F7556}") = "Neti.Echo.Server", "03_Samples\01_Echo\Neti.Echo.Server\Neti.Echo.Server.csproj", "{CBEA6B3B-C897-4AD1-B2F6-09C01DB39D96}"
EndProject
Project("{9A19103F-16F7-4668-BE54-9A1E7A4F7556}") = "Neti.Echo.Server.Tests", "03_Samples\01_Echo\Neti.Echo.Server.Tests\Neti.Echo.Server.Tests.csproj", "{FA9818E4-A5E8-4BF8-9F30-C520A0969DB7}"
EndProject
Project("{9A19103F-16F7-4668-BE54-9A1E7A4F7556}") = "Neti.EchoClient", "03_Samples\01_Echo\Neti.EchoClient\Neti.EchoClient.csproj", "{7B40C13C-D63B-4CD5-8157-00D86DCB780D}"
EndProject
Project("{9A19103F-16F7-4668-BE54-9A1E7A4F7556}") = "Neti.EchoServer", "03_Samples\01_Echo\Neti.EchoServer\Neti.EchoServer.csproj", "{77176B12-44E1-4887-87EE-593981D07844}"
EndProject
Project("{9A19103F-16F7-4668-BE54-9A1E7A4F7556}") = "Neti.Tests", "01_Libraries\Neti.Tests\Neti.Tests.csproj", "{39060603-BD06-44A7-A48A-0CD16459B2F4}"
EndProject
Project("{9A19103F-16F7-4668-BE54-9A1E7A4F7556}") = "Neti.CodeCompilation.Tests", "01_Libraries\Neti.CodeCompilation.Tests\Neti.CodeCompilation.Tests.csproj", "{7F1E3035-FC09-4D74-A938-35F86E846A71}"
EndProject
Project("{9A19103F-16F7-4668-BE54-9A1E7A4F7556}") = "Neti.CodeGeneration.Tests", "01_Libraries\Neti.CodeGeneration.Tests\Neti.CodeGeneration.Tests.csproj", "{D24CA9AA-833C-4CED-A5AE-555A3B48A3A5}"
EndProject
Global
	GlobalSection(SolutionConfigurationPlatforms) = preSolution
		Debug|Any CPU = Debug|Any CPU
		Release|Any CPU = Release|Any CPU
	EndGlobalSection
	GlobalSection(ProjectConfigurationPlatforms) = postSolution
		{D7A68B4E-07F7-445D-BC16-081C8231CB8B}.Debug|Any CPU.ActiveCfg = Debug|Any CPU
		{D7A68B4E-07F7-445D-BC16-081C8231CB8B}.Debug|Any CPU.Build.0 = Debug|Any CPU
		{D7A68B4E-07F7-445D-BC16-081C8231CB8B}.Release|Any CPU.ActiveCfg = Release|Any CPU
		{D7A68B4E-07F7-445D-BC16-081C8231CB8B}.Release|Any CPU.Build.0 = Release|Any CPU
		{9C7A7B46-9CE8-4524-BC47-20944E276D9D}.Debug|Any CPU.ActiveCfg = Debug|Any CPU
		{9C7A7B46-9CE8-4524-BC47-20944E276D9D}.Debug|Any CPU.Build.0 = Debug|Any CPU
		{9C7A7B46-9CE8-4524-BC47-20944E276D9D}.Release|Any CPU.ActiveCfg = Release|Any CPU
		{9C7A7B46-9CE8-4524-BC47-20944E276D9D}.Release|Any CPU.Build.0 = Release|Any CPU
		{85F0AAA4-AE11-4221-B9AB-91310010E3CE}.Debug|Any CPU.ActiveCfg = Debug|Any CPU
		{85F0AAA4-AE11-4221-B9AB-91310010E3CE}.Debug|Any CPU.Build.0 = Debug|Any CPU
		{85F0AAA4-AE11-4221-B9AB-91310010E3CE}.Release|Any CPU.ActiveCfg = Release|Any CPU
		{85F0AAA4-AE11-4221-B9AB-91310010E3CE}.Release|Any CPU.Build.0 = Release|Any CPU
		{1961C222-5B73-48E3-8BB7-EB271155BF97}.Debug|Any CPU.ActiveCfg = Debug|Any CPU
		{1961C222-5B73-48E3-8BB7-EB271155BF97}.Debug|Any CPU.Build.0 = Debug|Any CPU
		{1961C222-5B73-48E3-8BB7-EB271155BF97}.Release|Any CPU.ActiveCfg = Release|Any CPU
		{1961C222-5B73-48E3-8BB7-EB271155BF97}.Release|Any CPU.Build.0 = Release|Any CPU
		{0C7A5497-9027-4D99-BFAF-6E94E26EC166}.Debug|Any CPU.ActiveCfg = Debug|Any CPU
		{0C7A5497-9027-4D99-BFAF-6E94E26EC166}.Debug|Any CPU.Build.0 = Debug|Any CPU
		{0C7A5497-9027-4D99-BFAF-6E94E26EC166}.Release|Any CPU.ActiveCfg = Release|Any CPU
		{0C7A5497-9027-4D99-BFAF-6E94E26EC166}.Release|Any CPU.Build.0 = Release|Any CPU
		{AEF34810-03B7-4A95-BC79-5AD80DF8C401}.Debug|Any CPU.ActiveCfg = Debug|Any CPU
		{AEF34810-03B7-4A95-BC79-5AD80DF8C401}.Debug|Any CPU.Build.0 = Debug|Any CPU
		{AEF34810-03B7-4A95-BC79-5AD80DF8C401}.Release|Any CPU.ActiveCfg = Release|Any CPU
		{AEF34810-03B7-4A95-BC79-5AD80DF8C401}.Release|Any CPU.Build.0 = Release|Any CPU
		{CBEA6B3B-C897-4AD1-B2F6-09C01DB39D96}.Debug|Any CPU.ActiveCfg = Debug|Any CPU
		{CBEA6B3B-C897-4AD1-B2F6-09C01DB39D96}.Debug|Any CPU.Build.0 = Debug|Any CPU
		{CBEA6B3B-C897-4AD1-B2F6-09C01DB39D96}.Release|Any CPU.ActiveCfg = Release|Any CPU
		{CBEA6B3B-C897-4AD1-B2F6-09C01DB39D96}.Release|Any CPU.Build.0 = Release|Any CPU
		{FA9818E4-A5E8-4BF8-9F30-C520A0969DB7}.Debug|Any CPU.ActiveCfg = Debug|Any CPU
		{FA9818E4-A5E8-4BF8-9F30-C520A0969DB7}.Debug|Any CPU.Build.0 = Debug|Any CPU
		{FA9818E4-A5E8-4BF8-9F30-C520A0969DB7}.Release|Any CPU.ActiveCfg = Release|Any CPU
		{FA9818E4-A5E8-4BF8-9F30-C520A0969DB7}.Release|Any CPU.Build.0 = Release|Any CPU
		{7B40C13C-D63B-4CD5-8157-00D86DCB780D}.Debug|Any CPU.ActiveCfg = Debug|Any CPU
		{7B40C13C-D63B-4CD5-8157-00D86DCB780D}.Debug|Any CPU.Build.0 = Debug|Any CPU
		{7B40C13C-D63B-4CD5-8157-00D86DCB780D}.Release|Any CPU.ActiveCfg = Release|Any CPU
		{7B40C13C-D63B-4CD5-8157-00D86DCB780D}.Release|Any CPU.Build.0 = Release|Any CPU
		{77176B12-44E1-4887-87EE-593981D07844}.Debug|Any CPU.ActiveCfg = Debug|Any CPU
		{77176B12-44E1-4887-87EE-593981D07844}.Debug|Any CPU.Build.0 = Debug|Any CPU
		{77176B12-44E1-4887-87EE-593981D07844}.Release|Any CPU.ActiveCfg = Release|Any CPU
		{77176B12-44E1-4887-87EE-593981D07844}.Release|Any CPU.Build.0 = Release|Any CPU
		{39060603-BD06-44A7-A48A-0CD16459B2F4}.Debug|Any CPU.ActiveCfg = Debug|Any CPU
		{39060603-BD06-44A7-A48A-0CD16459B2F4}.Debug|Any CPU.Build.0 = Debug|Any CPU
		{39060603-BD06-44A7-A48A-0CD16459B2F4}.Release|Any CPU.ActiveCfg = Release|Any CPU
		{39060603-BD06-44A7-A48A-0CD16459B2F4}.Release|Any CPU.Build.0 = Release|Any CPU
		{7F1E3035-FC09-4D74-A938-35F86E846A71}.Debug|Any CPU.ActiveCfg = Debug|Any CPU
		{7F1E3035-FC09-4D74-A938-35F86E846A71}.Debug|Any CPU.Build.0 = Debug|Any CPU
		{7F1E3035-FC09-4D74-A938-35F86E846A71}.Release|Any CPU.ActiveCfg = Release|Any CPU
		{7F1E3035-FC09-4D74-A938-35F86E846A71}.Release|Any CPU.Build.0 = Release|Any CPU
		{D24CA9AA-833C-4CED-A5AE-555A3B48A3A5}.Debug|Any CPU.ActiveCfg = Debug|Any CPU
		{D24CA9AA-833C-4CED-A5AE-555A3B48A3A5}.Debug|Any CPU.Build.0 = Debug|Any CPU
		{D24CA9AA-833C-4CED-A5AE-555A3B48A3A5}.Release|Any CPU.ActiveCfg = Release|Any CPU
		{D24CA9AA-833C-4CED-A5AE-555A3B48A3A5}.Release|Any CPU.Build.0 = Release|Any CPU
	EndGlobalSection
	GlobalSection(SolutionProperties) = preSolution
		HideSolutionNode = FALSE
	EndGlobalSection
	GlobalSection(NestedProjects) = preSolution
		{88A50C0F-CD19-4540-81C5-14DD2EFEE8AE} = {21555729-9980-4C75-AE8D-E50578D27021}
		{D7A68B4E-07F7-445D-BC16-081C8231CB8B} = {0F2E7E74-EF02-48A7-AEC6-C46091DF3469}
		{9C7A7B46-9CE8-4524-BC47-20944E276D9D} = {0F2E7E74-EF02-48A7-AEC6-C46091DF3469}
		{85F0AAA4-AE11-4221-B9AB-91310010E3CE} = {0F2E7E74-EF02-48A7-AEC6-C46091DF3469}
		{1961C222-5B73-48E3-8BB7-EB271155BF97} = {127DAF5A-12A9-4CD5-98CA-1899BE6754C8}
		{0C7A5497-9027-4D99-BFAF-6E94E26EC166} = {88A50C0F-CD19-4540-81C5-14DD2EFEE8AE}
		{AEF34810-03B7-4A95-BC79-5AD80DF8C401} = {88A50C0F-CD19-4540-81C5-14DD2EFEE8AE}
		{CBEA6B3B-C897-4AD1-B2F6-09C01DB39D96} = {88A50C0F-CD19-4540-81C5-14DD2EFEE8AE}
		{FA9818E4-A5E8-4BF8-9F30-C520A0969DB7} = {88A50C0F-CD19-4540-81C5-14DD2EFEE8AE}
		{7B40C13C-D63B-4CD5-8157-00D86DCB780D} = {88A50C0F-CD19-4540-81C5-14DD2EFEE8AE}
		{77176B12-44E1-4887-87EE-593981D07844} = {88A50C0F-CD19-4540-81C5-14DD2EFEE8AE}
		{39060603-BD06-44A7-A48A-0CD16459B2F4} = {0F2E7E74-EF02-48A7-AEC6-C46091DF3469}
		{7F1E3035-FC09-4D74-A938-35F86E846A71} = {0F2E7E74-EF02-48A7-AEC6-C46091DF3469}
		{D24CA9AA-833C-4CED-A5AE-555A3B48A3A5} = {0F2E7E74-EF02-48A7-AEC6-C46091DF3469}
	EndGlobalSection
	GlobalSection(ExtensibilityGlobals) = postSolution
		SolutionGuid = {D10DFBFC-32C3-441D-B539-6B12A8E61776}
	EndGlobalSection
EndGlobal
